// !$*UTF8*$!
{
	archiveVersion = 1;
	classes = {
	};
	objectVersion = 50;
	objects = {

/* Begin PBXBuildFile section */
		166FEB5F24F36E6C004A17CD /* MoviePlayController.m in Sources */ = {isa = PBXBuildFile; fileRef = 166FEB5E24F36E6C004A17CD /* MoviePlayController.m */; };
		167283AD24F28A8000FEAE78 /* SandBoxManager.m in Sources */ = {isa = PBXBuildFile; fileRef = 167283AC24F28A8000FEAE78 /* SandBoxManager.m */; };
		1674C5AE24EFA591009AFE52 /* RecordProgressView.m in Sources */ = {isa = PBXBuildFile; fileRef = 1674C5AD24EFA591009AFE52 /* RecordProgressView.m */; };
		16CC75DF24ED0DDA00B62049 /* AppDelegate.m in Sources */ = {isa = PBXBuildFile; fileRef = 16CC75DE24ED0DDA00B62049 /* AppDelegate.m */; };
		16CC75E224ED0DDA00B62049 /* SceneDelegate.m in Sources */ = {isa = PBXBuildFile; fileRef = 16CC75E124ED0DDA00B62049 /* SceneDelegate.m */; };
		16CC75E524ED0DDA00B62049 /* ViewController.m in Sources */ = {isa = PBXBuildFile; fileRef = 16CC75E424ED0DDA00B62049 /* ViewController.m */; };
		16CC75E824ED0DDA00B62049 /* Main.storyboard in Resources */ = {isa = PBXBuildFile; fileRef = 16CC75E624ED0DDA00B62049 /* Main.storyboard */; };
		16CC75EA24ED0DDC00B62049 /* Assets.xcassets in Resources */ = {isa = PBXBuildFile; fileRef = 16CC75E924ED0DDC00B62049 /* Assets.xcassets */; };
		16CC75ED24ED0DDC00B62049 /* LaunchScreen.storyboard in Resources */ = {isa = PBXBuildFile; fileRef = 16CC75EB24ED0DDC00B62049 /* LaunchScreen.storyboard */; };
		16CC75F024ED0DDC00B62049 /* main.m in Sources */ = {isa = PBXBuildFile; fileRef = 16CC75EF24ED0DDC00B62049 /* main.m */; };
		16CC75F824ED0E5800B62049 /* MovieRecordView.m in Sources */ = {isa = PBXBuildFile; fileRef = 16CC75F724ED0E5800B62049 /* MovieRecordView.m */; };
		16CC760124ED285C00B62049 /* MovieRecordModel.m in Sources */ = {isa = PBXBuildFile; fileRef = 16CC760024ED285C00B62049 /* MovieRecordModel.m */; };
		16CC760424ED5EB300B62049 /* MovieRecordController.m in Sources */ = {isa = PBXBuildFile; fileRef = 16CC760324ED5EB300B62049 /* MovieRecordController.m */; };
/* End PBXBuildFile section */

/* Begin PBXFileReference section */
		166FEB5D24F36E6C004A17CD /* MoviePlayController.h */ = {isa = PBXFileReference; lastKnownFileType = sourcecode.c.h; path = MoviePlayController.h; sourceTree = "<group>"; };
		166FEB5E24F36E6C004A17CD /* MoviePlayController.m */ = {isa = PBXFileReference; lastKnownFileType = sourcecode.c.objc; path = MoviePlayController.m; sourceTree = "<group>"; };
		167283AB24F28A8000FEAE78 /* SandBoxManager.h */ = {isa = PBXFileReference; lastKnownFileType = sourcecode.c.h; path = SandBoxManager.h; sourceTree = "<group>"; };
		167283AC24F28A8000FEAE78 /* SandBoxManager.m */ = {isa = PBXFileReference; lastKnownFileType = sourcecode.c.objc; path = SandBoxManager.m; sourceTree = "<group>"; };
		1674C5AC24EFA591009AFE52 /* RecordProgressView.h */ = {isa = PBXFileReference; lastKnownFileType = sourcecode.c.h; path = RecordProgressView.h; sourceTree = "<group>"; };
		1674C5AD24EFA591009AFE52 /* RecordProgressView.m */ = {isa = PBXFileReference; lastKnownFileType = sourcecode.c.objc; path = RecordProgressView.m; sourceTree = "<group>"; };
		16CC75DA24ED0DDA00B62049 /* MovieRecordDemo.app */ = {isa = PBXFileReference; explicitFileType = wrapper.application; includeInIndex = 0; path = MovieRecordDemo.app; sourceTree = BUILT_PRODUCTS_DIR; };
		16CC75DD24ED0DDA00B62049 /* AppDelegate.h */ = {isa = PBXFileReference; lastKnownFileType = sourcecode.c.h; path = AppDelegate.h; sourceTree = "<group>"; };
		16CC75DE24ED0DDA00B62049 /* AppDelegate.m */ = {isa = PBXFileReference; lastKnownFileType = sourcecode.c.objc; path = AppDelegate.m; sourceTree = "<group>"; };
		16CC75E024ED0DDA00B62049 /* SceneDelegate.h */ = {isa = PBXFileReference; lastKnownFileType = sourcecode.c.h; path = SceneDelegate.h; sourceTree = "<group>"; };
		16CC75E124ED0DDA00B62049 /* SceneDelegate.m */ = {isa = PBXFileReference; lastKnownFileType = sourcecode.c.objc; path = SceneDelegate.m; sourceTree = "<group>"; };
		16CC75E324ED0DDA00B62049 /* ViewController.h */ = {isa = PBXFileReference; lastKnownFileType = sourcecode.c.h; path = ViewController.h; sourceTree = "<group>"; };
		16CC75E424ED0DDA00B62049 /* ViewController.m */ = {isa = PBXFileReference; lastKnownFileType = sourcecode.c.objc; path = ViewController.m; sourceTree = "<group>"; };
		16CC75E724ED0DDA00B62049 /* Base */ = {isa = PBXFileReference; lastKnownFileType = file.storyboard; name = Base; path = Base.lproj/Main.storyboard; sourceTree = "<group>"; };
		16CC75E924ED0DDC00B62049 /* Assets.xcassets */ = {isa = PBXFileReference; lastKnownFileType = folder.assetcatalog; path = Assets.xcassets; sourceTree = "<group>"; };
		16CC75EC24ED0DDC00B62049 /* Base */ = {isa = PBXFileReference; lastKnownFileType = file.storyboard; name = Base; path = Base.lproj/LaunchScreen.storyboard; sourceTree = "<group>"; };
		16CC75EE24ED0DDC00B62049 /* Info.plist */ = {isa = PBXFileReference; lastKnownFileType = text.plist.xml; path = Info.plist; sourceTree = "<group>"; };
		16CC75EF24ED0DDC00B62049 /* main.m */ = {isa = PBXFileReference; lastKnownFileType = sourcecode.c.objc; path = main.m; sourceTree = "<group>"; };
		16CC75F624ED0E5800B62049 /* MovieRecordView.h */ = {isa = PBXFileReference; lastKnownFileType = sourcecode.c.h; path = MovieRecordView.h; sourceTree = "<group>"; };
		16CC75F724ED0E5800B62049 /* MovieRecordView.m */ = {isa = PBXFileReference; lastKnownFileType = sourcecode.c.objc; path = MovieRecordView.m; sourceTree = "<group>"; };
		16CC75FF24ED285C00B62049 /* MovieRecordModel.h */ = {isa = PBXFileReference; lastKnownFileType = sourcecode.c.h; path = MovieRecordModel.h; sourceTree = "<group>"; };
		16CC760024ED285C00B62049 /* MovieRecordModel.m */ = {isa = PBXFileReference; lastKnownFileType = sourcecode.c.objc; path = MovieRecordModel.m; sourceTree = "<group>"; };
		16CC760224ED5EB300B62049 /* MovieRecordController.h */ = {isa = PBXFileReference; lastKnownFileType = sourcecode.c.h; path = MovieRecordController.h; sourceTree = "<group>"; };
		16CC760324ED5EB300B62049 /* MovieRecordController.m */ = {isa = PBXFileReference; lastKnownFileType = sourcecode.c.objc; path = MovieRecordController.m; sourceTree = "<group>"; };
/* End PBXFileReference section */

/* Begin PBXFrameworksBuildPhase section */
		16CC75D724ED0DDA00B62049 /* Frameworks */ = {
			isa = PBXFrameworksBuildPhase;
			buildActionMask = 2147483647;
			files = (
			);
			runOnlyForDeploymentPostprocessing = 0;
		};
/* End PBXFrameworksBuildPhase section */

/* Begin PBXGroup section */
		16CC75D124ED0DDA00B62049 = {
			isa = PBXGroup;
			children = (
				16CC75DC24ED0DDA00B62049 /* MovieRecordDemo */,
				16CC75DB24ED0DDA00B62049 /* Products */,
			);
			sourceTree = "<group>";
		};
		16CC75DB24ED0DDA00B62049 /* Products */ = {
			isa = PBXGroup;
			children = (
				16CC75DA24ED0DDA00B62049 /* MovieRecordDemo.app */,
			);
			name = Products;
			sourceTree = "<group>";
		};
		16CC75DC24ED0DDA00B62049 /* MovieRecordDemo */ = {
			isa = PBXGroup;
			children = (
				16CC75DD24ED0DDA00B62049 /* AppDelegate.h */,
				16CC75DE24ED0DDA00B62049 /* AppDelegate.m */,
				16CC75E024ED0DDA00B62049 /* SceneDelegate.h */,
				16CC75E124ED0DDA00B62049 /* SceneDelegate.m */,
				16CC75E324ED0DDA00B62049 /* ViewController.h */,
				16CC75E424ED0DDA00B62049 /* ViewController.m */,
				16CC75F624ED0E5800B62049 /* MovieRecordView.h */,
				16CC75F724ED0E5800B62049 /* MovieRecordView.m */,
				16CC75FF24ED285C00B62049 /* MovieRecordModel.h */,
				16CC760024ED285C00B62049 /* MovieRecordModel.m */,
				16CC760224ED5EB300B62049 /* MovieRecordController.h */,
				16CC760324ED5EB300B62049 /* MovieRecordController.m */,
				1674C5AC24EFA591009AFE52 /* RecordProgressView.h */,
				1674C5AD24EFA591009AFE52 /* RecordProgressView.m */,
				167283AB24F28A8000FEAE78 /* SandBoxManager.h */,
				167283AC24F28A8000FEAE78 /* SandBoxManager.m */,
				166FEB5D24F36E6C004A17CD /* MoviePlayController.h */,
				166FEB5E24F36E6C004A17CD /* MoviePlayController.m */,
				16CC75E624ED0DDA00B62049 /* Main.storyboard */,
				16CC75E924ED0DDC00B62049 /* Assets.xcassets */,
				16CC75EB24ED0DDC00B62049 /* LaunchScreen.storyboard */,
				16CC75EE24ED0DDC00B62049 /* Info.plist */,
				16CC75EF24ED0DDC00B62049 /* main.m */,
			);
			path = MovieRecordDemo;
			sourceTree = "<group>";
		};
/* End PBXGroup section */

/* Begin PBXNativeTarget section */
		16CC75D924ED0DDA00B62049 /* MovieRecordDemo */ = {
			isa = PBXNativeTarget;
			buildConfigurationList = 16CC75F324ED0DDC00B62049 /* Build configuration list for PBXNativeTarget "MovieRecordDemo" */;
			buildPhases = (
				16CC75D624ED0DDA00B62049 /* Sources */,
				16CC75D724ED0DDA00B62049 /* Frameworks */,
				16CC75D824ED0DDA00B62049 /* Resources */,
			);
			buildRules = (
			);
			dependencies = (
			);
			name = MovieRecordDemo;
			productName = MovieRecordDemo;
			productReference = 16CC75DA24ED0DDA00B62049 /* MovieRecordDemo.app */;
			productType = "com.apple.product-type.application";
		};
/* End PBXNativeTarget section */

/* Begin PBXProject section */
		16CC75D224ED0DDA00B62049 /* Project object */ = {
			isa = PBXProject;
			attributes = {
				LastUpgradeCheck = 1160;
				ORGANIZATIONNAME = TencentIOS;
				TargetAttributes = {
					16CC75D924ED0DDA00B62049 = {
						CreatedOnToolsVersion = 11.6;
					};
				};
			};
			buildConfigurationList = 16CC75D524ED0DDA00B62049 /* Build configuration list for PBXProject "MovieRecordDemo" */;
			compatibilityVersion = "Xcode 9.3";
			developmentRegion = en;
			hasScannedForEncodings = 0;
			knownRegions = (
				en,
				Base,
			);
			mainGroup = 16CC75D124ED0DDA00B62049;
			productRefGroup = 16CC75DB24ED0DDA00B62049 /* Products */;
			projectDirPath = "";
			projectRoot = "";
			targets = (
				16CC75D924ED0DDA00B62049 /* MovieRecordDemo */,
			);
		};
/* End PBXProject section */

/* Begin PBXResourcesBuildPhase section */
		16CC75D824ED0DDA00B62049 /* Resources */ = {
			isa = PBXResourcesBuildPhase;
			buildActionMask = 2147483647;
			files = (
				16CC75ED24ED0DDC00B62049 /* LaunchScreen.storyboard in Resources */,
				16CC75EA24ED0DDC00B62049 /* Assets.xcassets in Resources */,
				16CC75E824ED0DDA00B62049 /* Main.storyboard in Resources */,
			);
			runOnlyForDeploymentPostprocessing = 0;
		};
/* End PBXResourcesBuildPhase section */

/* Begin PBXSourcesBuildPhase section */
		16CC75D624ED0DDA00B62049 /* Sources */ = {
			isa = PBXSourcesBuildPhase;
			buildActionMask = 2147483647;
			files = (
				16CC75E524ED0DDA00B62049 /* ViewController.m in Sources */,
				16CC760124ED285C00B62049 /* MovieRecordModel.m in Sources */,
				166FEB5F24F36E6C004A17CD /* MoviePlayController.m in Sources */,
				16CC75DF24ED0DDA00B62049 /* AppDelegate.m in Sources */,
				16CC760424ED5EB300B62049 /* MovieRecordController.m in Sources */,
				16CC75F024ED0DDC00B62049 /* main.m in Sources */,
				16CC75F824ED0E5800B62049 /* MovieRecordView.m in Sources */,
				1674C5AE24EFA591009AFE52 /* RecordProgressView.m in Sources */,
				167283AD24F28A8000FEAE78 /* SandBoxManager.m in Sources */,
				16CC75E224ED0DDA00B62049 /* SceneDelegate.m in Sources */,
			);
			runOnlyForDeploymentPostprocessing = 0;
		};
/* End PBXSourcesBuildPhase section */

/* Begin PBXVariantGroup section */
		16CC75E624ED0DDA00B62049 /* Main.storyboard */ = {
			isa = PBXVariantGroup;
			children = (
				16CC75E724ED0DDA00B62049 /* Base */,
			);
			name = Main.storyboard;
			sourceTree = "<group>";
		};
		16CC75EB24ED0DDC00B62049 /* LaunchScreen.storyboard */ = {
			isa = PBXVariantGroup;
			children = (
				16CC75EC24ED0DDC00B62049 /* Base */,
			);
			name = LaunchScreen.storyboard;
			sourceTree = "<group>";
		};
/* End PBXVariantGroup section */

/* Begin XCBuildConfiguration section */
		16CC75F124ED0DDC00B62049 /* Debug */ = {
			isa = XCBuildConfiguration;
			buildSettings = {
				ALWAYS_SEARCH_USER_PATHS = NO;
				CLANG_ANALYZER_NONNULL = YES;
				CLANG_ANALYZER_NUMBER_OBJECT_CONVERSION = YES_AGGRESSIVE;
				CLANG_CXX_LANGUAGE_STANDARD = "gnu++14";
				CLANG_CXX_LIBRARY = "libc++";
				CLANG_ENABLE_MODULES = YES;
				CLANG_ENABLE_OBJC_ARC = YES;
				CLANG_ENABLE_OBJC_WEAK = YES;
				CLANG_WARN_BLOCK_CAPTURE_AUTORELEASING = YES;
				CLANG_WARN_BOOL_CONVERSION = YES;
				CLANG_WARN_COMMA = YES;
				CLANG_WARN_CONSTANT_CONVERSION = YES;
				CLANG_WARN_DEPRECATED_OBJC_IMPLEMENTATIONS = YES;
				CLANG_WARN_DIRECT_OBJC_ISA_USAGE = YES_ERROR;
				CLANG_WARN_DOCUMENTATION_COMMENTS = YES;
				CLANG_WARN_EMPTY_BODY = YES;
				CLANG_WARN_ENUM_CONVERSION = YES;
				CLANG_WARN_INFINITE_RECURSION = YES;
				CLANG_WARN_INT_CONVERSION = YES;
				CLANG_WARN_NON_LITERAL_NULL_CONVERSION = YES;
				CLANG_WARN_OBJC_IMPLICIT_RETAIN_SELF = YES;
				CLANG_WARN_OBJC_LITERAL_CONVERSION = YES;
				CLANG_WARN_OBJC_ROOT_CLASS = YES_ERROR;
				CLANG_WARN_RANGE_LOOP_ANALYSIS = YES;
				CLANG_WARN_STRICT_PROTOTYPES = YES;
				CLANG_WARN_SUSPICIOUS_MOVE = YES;
				CLANG_WARN_UNGUARDED_AVAILABILITY = YES_AGGRESSIVE;
				CLANG_WARN_UNREACHABLE_CODE = YES;
				CLANG_WARN__DUPLICATE_METHOD_MATCH = YES;
				COPY_PHASE_STRIP = NO;
				DEBUG_INFORMATION_FORMAT = dwarf;
				ENABLE_STRICT_OBJC_MSGSEND = YES;
				ENABLE_TESTABILITY = YES;
				GCC_C_LANGUAGE_STANDARD = gnu11;
				GCC_DYNAMIC_NO_PIC = NO;
				GCC_NO_COMMON_BLOCKS = YES;
				GCC_OPTIMIZATION_LEVEL = 0;
				GCC_PREPROCESSOR_DEFINITIONS = (
					"DEBUG=1",
					"$(inherited)",
				);
				GCC_WARN_64_TO_32_BIT_CONVERSION = YES;
				GCC_WARN_ABOUT_RETURN_TYPE = YES_ERROR;
				GCC_WARN_UNDECLARED_SELECTOR = YES;
				GCC_WARN_UNINITIALIZED_AUTOS = YES_AGGRESSIVE;
				GCC_WARN_UNUSED_FUNCTION = YES;
				GCC_WARN_UNUSED_VARIABLE = YES;
				IPHONEOS_DEPLOYMENT_TARGET = 13.6;
				MTL_ENABLE_DEBUG_INFO = INCLUDE_SOURCE;
				MTL_FAST_MATH = YES;
				ONLY_ACTIVE_ARCH = YES;
				SDKROOT = iphoneos;
			};
			name = Debug;
		};
		16CC75F224ED0DDC00B62049 /* Release */ = {
			isa = XCBuildConfiguration;
			buildSettings = {
				ALWAYS_SEARCH_USER_PATHS = NO;
				CLANG_ANALYZER_NONNULL = YES;
				CLANG_ANALYZER_NUMBER_OBJECT_CONVERSION = YES_AGGRESSIVE;
				CLANG_CXX_LANGUAGE_STANDARD = "gnu++14";
				CLANG_CXX_LIBRARY = "libc++";
				CLANG_ENABLE_MODULES = YES;
				CLANG_ENABLE_OBJC_ARC = YES;
				CLANG_ENABLE_OBJC_WEAK = YES;
				CLANG_WARN_BLOCK_CAPTURE_AUTORELEASING = YES;
				CLANG_WARN_BOOL_CONVERSION = YES;
				CLANG_WARN_COMMA = YES;
				CLANG_WARN_CONSTANT_CONVERSION = YES;
				CLANG_WARN_DEPRECATED_OBJC_IMPLEMENTATIONS = YES;
				CLANG_WARN_DIRECT_OBJC_ISA_USAGE = YES_ERROR;
				CLANG_WARN_DOCUMENTATION_COMMENTS = YES;
				CLANG_WARN_EMPTY_BODY = YES;
				CLANG_WARN_ENUM_CONVERSION = YES;
				CLANG_WARN_INFINITE_RECURSION = YES;
				CLANG_WARN_INT_CONVERSION = YES;
				CLANG_WARN_NON_LITERAL_NULL_CONVERSION = YES;
				CLANG_WARN_OBJC_IMPLICIT_RETAIN_SELF = YES;
				CLANG_WARN_OBJC_LITERAL_CONVERSION = YES;
				CLANG_WARN_OBJC_ROOT_CLASS = YES_ERROR;
				CLANG_WARN_RANGE_LOOP_ANALYSIS = YES;
				CLANG_WARN_STRICT_PROTOTYPES = YES;
				CLANG_WARN_SUSPICIOUS_MOVE = YES;
				CLANG_WARN_UNGUARDED_AVAILABILITY = YES_AGGRESSIVE;
				CLANG_WARN_UNREACHABLE_CODE = YES;
				CLANG_WARN__DUPLICATE_METHOD_MATCH = YES;
				COPY_PHASE_STRIP = NO;
				DEBUG_INFORMATION_FORMAT = "dwarf-with-dsym";
				ENABLE_NS_ASSERTIONS = NO;
				ENABLE_STRICT_OBJC_MSGSEND = YES;
				GCC_C_LANGUAGE_STANDARD = gnu11;
				GCC_NO_COMMON_BLOCKS = YES;
				GCC_WARN_64_TO_32_BIT_CONVERSION = YES;
				GCC_WARN_ABOUT_RETURN_TYPE = YES_ERROR;
				GCC_WARN_UNDECLARED_SELECTOR = YES;
				GCC_WARN_UNINITIALIZED_AUTOS = YES_AGGRESSIVE;
				GCC_WARN_UNUSED_FUNCTION = YES;
				GCC_WARN_UNUSED_VARIABLE = YES;
				IPHONEOS_DEPLOYMENT_TARGET = 13.6;
				MTL_ENABLE_DEBUG_INFO = NO;
				MTL_FAST_MATH = YES;
				SDKROOT = iphoneos;
				VALIDATE_PRODUCT = YES;
			};
			name = Release;
		};
		16CC75F424ED0DDC00B62049 /* Debug */ = {
			isa = XCBuildConfiguration;
			buildSettings = {
				ASSETCATALOG_COMPILER_APPICON_NAME = AppIcon;
				CODE_SIGN_STYLE = Automatic;
				DEVELOPMENT_TEAM = 6Q64DQQL34;
				INFOPLIST_FILE = MovieRecordDemo/Info.plist;
				IPHONEOS_DEPLOYMENT_TARGET = 9.0;
				LD_RUNPATH_SEARCH_PATHS = (
					"$(inherited)",
					"@executable_path/Frameworks",
				);
				PRODUCT_BUNDLE_IDENTIFIER = com.tencentios.MovieRecordDemo;
				PRODUCT_NAME = "$(TARGET_NAME)";
				TARGETED_DEVICE_FAMILY = "1,2";
			};
			name = Debug;
		};
		16CC75F524ED0DDC00B62049 /* Release */ = {
			isa = XCBuildConfiguration;
			buildSettings = {
				ASSETCATALOG_COMPILER_APPICON_NAME = AppIcon;
				CODE_SIGN_STYLE = Automatic;
				DEVELOPMENT_TEAM = 6Q64DQQL34;
				INFOPLIST_FILE = MovieRecordDemo/Info.plist;
				IPHONEOS_DEPLOYMENT_TARGET = 9.0;
				LD_RUNPATH_SEARCH_PATHS = (
					"$(inherited)",
					"@executable_path/Frameworks",
				);
				PRODUCT_BUNDLE_IDENTIFIER = com.tencentios.MovieRecordDemo;
				PRODUCT_NAME = "$(TARGET_NAME)";
				TARGETED_DEVICE_FAMILY = "1,2";
			};
			name = Release;
		};
/* End XCBuildConfiguration section */

/* Begin XCConfigurationList section */
		16CC75D524ED0DDA00B62049 /* Build configuration list for PBXProject "MovieRecordDemo" */ = {
			isa = XCConfigurationList;
			buildConfigurations = (
				16CC75F124ED0DDC00B62049 /* Debug */,
				16CC75F224ED0DDC00B62049 /* Release */,
			);
			defaultConfigurationIsVisible = 0;
			defaultConfigurationName = Release;
		};
		16CC75F324ED0DDC00B62049 /* Build configuration list for PBXNativeTarget "MovieRecordDemo" */ = {
			isa = XCConfigurationList;
			buildConfigurations = (
				16CC75F424ED0DDC00B62049 /* Debug */,
				16CC75F524ED0DDC00B62049 /* Release */,
			);
			defaultConfigurationIsVisible = 0;
			defaultConfigurationName = Release;
		};
/* End XCConfigurationList section */
	};
	rootObject = 16CC75D224ED0DDA00B62049 /* Project object */;
}
